{
  "name": "hodge-prettier",
  "version": "1.0.0",
  "lockfileVersion": 2,
  "requires": true,
  "packages": {
    "": {
      "name": "hodge-prettier",
      "version": "1.0.0",
      "license": "ISC",
      "devDependencies": {
        "hodge-prettier": "^1.0.0"
      }
    },
    "node_modules/hodge-prettier": {
      "version": "1.0.0",
      "resolved": "https://registry.npmjs.org/hodge-prettier/-/hodge-prettier-1.0.0.tgz",
      "integrity": "sha512-R3fmbU1oMtbXEW8T7mBA2T6duft+tXKbROusmHOZ/ddQsstipb+8bKnCDKOPHWwrWiTlTeDz0H/Rq2Dn06qbnw==",
      "dev": true
    }
  },
  "dependencies": {
    "hodge-prettier": {
      "version": "1.0.0",
      "resolved": "https://registry.npmjs.org/hodge-prettier/-/hodge-prettier-1.0.0.tgz",
      "integrity": "sha512-R3fmbU1oMtbXEW8T7mBA2T6duft+tXKbROusmHOZ/ddQsstipb+8bKnCDKOPHWwrWiTlTeDz0H/Rq2Dn06qbnw==",
      "dev": true
    }
  }
}
